{
  "version": "4",
  "specifiers": {
    "jsr:@std/fs@*": "1.0.5",
    "jsr:@std/path@*": "1.0.8",
    "jsr:@std/path@^1.0.7": "1.0.8"
  },
  "jsr": {
    "@std/fs@1.0.5": {
      "integrity": "41806ad6823d0b5f275f9849a2640d87e4ef67c51ee1b8fb02426f55e02fd44e",
      "dependencies": [
        "jsr:@std/path@^1.0.7"
      ]
    },
    "@std/path@1.0.8": {
      "integrity": "548fa456bb6a04d3c1a1e7477986b6cffbce95102d0bb447c67c4ee70e0364be"
    }
  },
  "remote": {
    "https://deno.land/x/fest@4.13.2/mod.ts": "8dd20290582d5ba500ceb3e91f1cc69dcc23e096445a4db8c7ae85520cca82f1"
  },
  "workspace": {
    "packageJson": {
      "dependencies": [
        "npm:@parcel/plugin@^2.13.3",
        "npm:@parcel/transformer-sass@2.13.3",
        "npm:@supabase/supabase-js@^2.48.1",
        "npm:@types/node@^22.13.1",
        "npm:babel-eslint@^10.1.0",
        "npm:buffer@^6.0.3",
        "npm:eslint@^7.2.0",
        "npm:parcel-reporter-static-files-copy@^1.5.3",
        "npm:parcel-resolver-ignore@^2.2.0",
        "npm:parcel@2",
        "npm:posthtml-include@^2.0.1",
        "npm:posthtml-modules@~0.9.1",
        "npm:svgo@^3.3.2",
        "npm:type-fest@^4.35.0",
        "npm:ventojs@^1.12.15"
      ]
    }
  }
}
